
Microsoft Visual Studio Solution File, Format Version 12.00
# Visual Studio 14
VisualStudioVersion = 14.0.25420.1
MinimumVisualStudioVersion = 10.0.40219.1
Project("{D954291E-2A0B-460D-934E-DC6B0785DB48}") = "App1", "App1\App1\App1.shproj", "{0BA8F4BC-5420-4EE8-8D26-073EA9580B66}"
EndProject
Project("{FAE04EC0-301F-11D3-BF4B-00C04F79EFBC}") = "App1.Android", "App1\App1.Android\App1.Android.csproj", "{C2324542-DCAC-45BF-8123-5439004C48B1}"
EndProject
Project("{FAE04EC0-301F-11D3-BF4B-00C04F79EFBC}") = "App1.iOS", "App1\App1.iOS\App1.iOS.csproj", "{761693A4-95EE-46A5-A797-51473C44C5D7}"
EndProject
Global
	GlobalSection(SharedMSBuildProjectFiles) = preSolution
		App1\App1\App1.projitems*{0ba8f4bc-5420-4ee8-8d26-073ea9580b66}*SharedItemsImports = 13
		App1\App1\App1.projitems*{761693a4-95ee-46a5-a797-51473c44c5d7}*SharedItemsImports = 4
		App1\App1\App1.projitems*{c2324542-dcac-45bf-8123-5439004c48b1}*SharedItemsImports = 4
	EndGlobalSection
	GlobalSection(SolutionConfigurationPlatforms) = preSolution
		Ad-Hoc|Any CPU = Ad-Hoc|Any CPU
		Ad-Hoc|iPhone = Ad-Hoc|iPhone
		Ad-Hoc|iPhoneSimulator = Ad-Hoc|iPhoneSimulator
		AppStore|Any CPU = AppStore|Any CPU
		AppStore|iPhone = AppStore|iPhone
		AppStore|iPhoneSimulator = AppStore|iPhoneSimulator
		Debug|Any CPU = Debug|Any CPU
		Debug|iPhone = Debug|iPhone
		Debug|iPhoneSimulator = Debug|iPhoneSimulator
		Release|Any CPU = Release|Any CPU
		Release|iPhone = Release|iPhone
		Release|iPhoneSimulator = Release|iPhoneSimulator
	EndGlobalSection
	GlobalSection(ProjectConfigurationPlatforms) = postSolution
		{C2324542-DCAC-45BF-8123-5439004C48B1}.Ad-Hoc|Any CPU.ActiveCfg = Release|Any CPU
		{C2324542-DCAC-45BF-8123-5439004C48B1}.Ad-Hoc|Any CPU.Build.0 = Release|Any CPU
		{C2324542-DCAC-45BF-8123-5439004C48B1}.Ad-Hoc|Any CPU.Deploy.0 = Release|Any CPU
		{C2324542-DCAC-45BF-8123-5439004C48B1}.Ad-Hoc|iPhone.ActiveCfg = Release|Any CPU
		{C2324542-DCAC-45BF-8123-5439004C48B1}.Ad-Hoc|iPhone.Build.0 = Release|Any CPU
		{C2324542-DCAC-45BF-8123-5439004C48B1}.Ad-Hoc|iPhone.Deploy.0 = Release|Any CPU
		{C2324542-DCAC-45BF-8123-5439004C48B1}.Ad-Hoc|iPhoneSimulator.ActiveCfg = Release|Any CPU
		{C2324542-DCAC-45BF-8123-5439004C48B1}.Ad-Hoc|iPhoneSimulator.Build.0 = Release|Any CPU
		{C2324542-DCAC-45BF-8123-5439004C48B1}.Ad-Hoc|iPhoneSimulator.Deploy.0 = Release|Any CPU
		{C2324542-DCAC-45BF-8123-5439004C48B1}.AppStore|Any CPU.ActiveCfg = Release|Any CPU
		{C2324542-DCAC-45BF-8123-5439004C48B1}.AppStore|Any CPU.Build.0 = Release|Any CPU
		{C2324542-DCAC-45BF-8123-5439004C48B1}.AppStore|Any CPU.Deploy.0 = Release|Any CPU
		{C2324542-DCAC-45BF-8123-5439004C48B1}.AppStore|iPhone.ActiveCfg = Release|Any CPU
		{C2324542-DCAC-45BF-8123-5439004C48B1}.AppStore|iPhone.Build.0 = Release|Any CPU
		{C2324542-DCAC-45BF-8123-5439004C48B1}.AppStore|iPhone.Deploy.0 = Release|Any CPU
		{C2324542-DCAC-45BF-8123-5439004C48B1}.AppStore|iPhoneSimulator.ActiveCfg = Release|Any CPU
		{C2324542-DCAC-45BF-8123-5439004C48B1}.AppStore|iPhoneSimulator.Build.0 = Release|Any CPU
		{C2324542-DCAC-45BF-8123-5439004C48B1}.AppStore|iPhoneSimulator.Deploy.0 = Release|Any CPU
		{C2324542-DCAC-45BF-8123-5439004C48B1}.Debug|Any CPU.ActiveCfg = Debug|Any CPU
		{C2324542-DCAC-45BF-8123-5439004C48B1}.Debug|Any CPU.Build.0 = Debug|Any CPU
		{C2324542-DCAC-45BF-8123-5439004C48B1}.Debug|Any CPU.Deploy.0 = Debug|Any CPU
		{C2324542-DCAC-45BF-8123-5439004C48B1}.Debug|iPhone.ActiveCfg = Debug|Any CPU
		{C2324542-DCAC-45BF-8123-5439004C48B1}.Debug|iPhone.Build.0 = Debug|Any CPU
		{C2324542-DCAC-45BF-8123-5439004C48B1}.Debug|iPhone.Deploy.0 = Debug|Any CPU
		{C2324542-DCAC-45BF-8123-5439004C48B1}.Debug|iPhoneSimulator.ActiveCfg = Debug|Any CPU
		{C2324542-DCAC-45BF-8123-5439004C48B1}.Debug|iPhoneSimulator.Build.0 = Debug|Any CPU
		{C2324542-DCAC-45BF-8123-5439004C48B1}.Debug|iPhoneSimulator.Deploy.0 = Debug|Any CPU
		{C2324542-DCAC-45BF-8123-5439004C48B1}.Release|Any CPU.ActiveCfg = Release|Any CPU
		{C2324542-DCAC-45BF-8123-5439004C48B1}.Release|Any CPU.Build.0 = Release|Any CPU
		{C2324542-DCAC-45BF-8123-5439004C48B1}.Release|Any CPU.Deploy.0 = Release|Any CPU
		{C2324542-DCAC-45BF-8123-5439004C48B1}.Release|iPhone.ActiveCfg = Release|Any CPU
		{C2324542-DCAC-45BF-8123-5439004C48B1}.Release|iPhone.Build.0 = Release|Any CPU
		{C2324542-DCAC-45BF-8123-5439004C48B1}.Release|iPhone.Deploy.0 = Release|Any CPU
		{C2324542-DCAC-45BF-8123-5439004C48B1}.Release|iPhoneSimulator.ActiveCfg = Release|Any CPU
		{C2324542-DCAC-45BF-8123-5439004C48B1}.Release|iPhoneSimulator.Build.0 = Release|Any CPU
		{C2324542-DCAC-45BF-8123-5439004C48B1}.Release|iPhoneSimulator.Deploy.0 = Release|Any CPU
		{761693A4-95EE-46A5-A797-51473C44C5D7}.Ad-Hoc|Any CPU.ActiveCfg = Ad-Hoc|iPhone
		{761693A4-95EE-46A5-A797-51473C44C5D7}.Ad-Hoc|iPhone.ActiveCfg = Ad-Hoc|iPhone
		{761693A4-95EE-46A5-A797-51473C44C5D7}.Ad-Hoc|iPhone.Build.0 = Ad-Hoc|iPhone
		{761693A4-95EE-46A5-A797-51473C44C5D7}.Ad-Hoc|iPhoneSimulator.ActiveCfg = Ad-Hoc|iPhoneSimulator
		{761693A4-95EE-46A5-A797-51473C44C5D7}.Ad-Hoc|iPhoneSimulator.Build.0 = Ad-Hoc|iPhoneSimulator
		{761693A4-95EE-46A5-A797-51473C44C5D7}.AppStore|Any CPU.ActiveCfg = AppStore|iPhone
		{761693A4-95EE-46A5-A797-51473C44C5D7}.AppStore|iPhone.ActiveCfg = AppStore|iPhone
		{761693A4-95EE-46A5-A797-51473C44C5D7}.AppStore|iPhone.Build.0 = AppStore|iPhone
		{761693A4-95EE-46A5-A797-51473C44C5D7}.AppStore|iPhoneSimulator.ActiveCfg = AppStore|iPhoneSimulator
		{761693A4-95EE-46A5-A797-51473C44C5D7}.AppStore|iPhoneSimulator.Build.0 = AppStore|iPhoneSimulator
		{761693A4-95EE-46A5-A797-51473C44C5D7}.Debug|Any CPU.ActiveCfg = Debug|iPhone
		{761693A4-95EE-46A5-A797-51473C44C5D7}.Debug|iPhone.ActiveCfg = Debug|iPhone
		{761693A4-95EE-46A5-A797-51473C44C5D7}.Debug|iPhone.Build.0 = Debug|iPhone
		{761693A4-95EE-46A5-A797-51473C44C5D7}.Debug|iPhoneSimulator.ActiveCfg = Debug|iPhoneSimulator
		{761693A4-95EE-46A5-A797-51473C44C5D7}.Debug|iPhoneSimulator.Build.0 = Debug|iPhoneSimulator
		{761693A4-95EE-46A5-A797-51473C44C5D7}.Release|Any CPU.ActiveCfg = Release|iPhone
		{761693A4-95EE-46A5-A797-51473C44C5D7}.Release|iPhone.ActiveCfg = Release|iPhone
		{761693A4-95EE-46A5-A797-51473C44C5D7}.Release|iPhone.Build.0 = Release|iPhone
		{761693A4-95EE-46A5-A797-51473C44C5D7}.Release|iPhoneSimulator.ActiveCfg = Release|iPhoneSimulator
		{761693A4-95EE-46A5-A797-51473C44C5D7}.Release|iPhoneSimulator.Build.0 = Release|iPhoneSimulator
	EndGlobalSection
	GlobalSection(SolutionProperties) = preSolution
		HideSolutionNode = FALSE
	EndGlobalSection
EndGlobal
